// !$*UTF8*$!
{
	archiveVersion = 1;
	classes = {
	};
	objectVersion = 56;
	objects = {

/* Begin PBXBuildFile section */
		650E10F429EA37AF00B6203A /* AppDelegate.swift in Sources */ = {isa = PBXBuildFile; fileRef = 650E10F329EA37AF00B6203A /* AppDelegate.swift */; };
		650E10F629EA37AF00B6203A /* SceneDelegate.swift in Sources */ = {isa = PBXBuildFile; fileRef = 650E10F529EA37AF00B6203A /* SceneDelegate.swift */; };
		650E10F829EA37AF00B6203A /* ViewController.swift in Sources */ = {isa = PBXBuildFile; fileRef = 650E10F729EA37AF00B6203A /* ViewController.swift */; };
		650E10FB29EA37AF00B6203A /* Main.storyboard in Resources */ = {isa = PBXBuildFile; fileRef = 650E10F929EA37AF00B6203A /* Main.storyboard */; };
		650E10FD29EA37B100B6203A /* Assets.xcassets in Resources */ = {isa = PBXBuildFile; fileRef = 650E10FC29EA37B100B6203A /* Assets.xcassets */; };
		650E110029EA37B100B6203A /* LaunchScreen.storyboard in Resources */ = {isa = PBXBuildFile; fileRef = 650E10FE29EA37B100B6203A /* LaunchScreen.storyboard */; };
		650E110929EA3A2000B6203A /* NetworkManager.swift in Sources */ = {isa = PBXBuildFile; fileRef = 650E110829EA3A2000B6203A /* NetworkManager.swift */; };
		650E110B29EA3A6700B6203A /* Endpoint.swift in Sources */ = {isa = PBXBuildFile; fileRef = 650E110A29EA3A6700B6203A /* Endpoint.swift */; };
		650E110D29EA3A8C00B6203A /* HttpMethod.swift in Sources */ = {isa = PBXBuildFile; fileRef = 650E110C29EA3A8C00B6203A /* HttpMethod.swift */; };
		650E111029EA3B1800B6203A /* GetProfileEndpoint.swift in Sources */ = {isa = PBXBuildFile; fileRef = 650E110F29EA3B1800B6203A /* GetProfileEndpoint.swift */; };
		650E111229EA3B2800B6203A /* UpdateProfileEndpoint.swift in Sources */ = {isa = PBXBuildFile; fileRef = 650E111129EA3B2800B6203A /* UpdateProfileEndpoint.swift */; };
		650E111429EA3B3E00B6203A /* ChangePasswordEndpoint.swift in Sources */ = {isa = PBXBuildFile; fileRef = 650E111329EA3B3E00B6203A /* ChangePasswordEndpoint.swift */; };
		650E111729EA3C5200B6203A /* NetworkError.swift in Sources */ = {isa = PBXBuildFile; fileRef = 650E111629EA3C5200B6203A /* NetworkError.swift */; };
		650E111929EA3DFC00B6203A /* Model.swift in Sources */ = {isa = PBXBuildFile; fileRef = 650E111829EA3DFC00B6203A /* Model.swift */; };
		650E111B29EA3FD500B6203A /* UserProfileViewController.swift in Sources */ = {isa = PBXBuildFile; fileRef = 650E111A29EA3FD500B6203A /* UserProfileViewController.swift */; };
		650E111E29EA403F00B6203A /* ChangePasswordViewController.swift in Sources */ = {isa = PBXBuildFile; fileRef = 650E111D29EA403F00B6203A /* ChangePasswordViewController.swift */; };
		650E112229EA43D100B6203A /* MainStoryboarded.swift in Sources */ = {isa = PBXBuildFile; fileRef = 650E112129EA43D100B6203A /* MainStoryboarded.swift */; };
		650E112429EA43EB00B6203A /* Coordinator.swift in Sources */ = {isa = PBXBuildFile; fileRef = 650E112329EA43EB00B6203A /* Coordinator.swift */; };
		650E112629EA43F500B6203A /* MainCoordinator.swift in Sources */ = {isa = PBXBuildFile; fileRef = 650E112529EA43F500B6203A /* MainCoordinator.swift */; };
		650E112A29EB99CC00B6203A /* UIColor+.swift in Sources */ = {isa = PBXBuildFile; fileRef = 650E112929EB99CC00B6203A /* UIColor+.swift */; };
		650E112C29EB9C9E00B6203A /* MainViewController.swift in Sources */ = {isa = PBXBuildFile; fileRef = 650E112B29EB9C9E00B6203A /* MainViewController.swift */; };
		65933BDB29ECF329005ACCE6 /* UIViewController+.swift in Sources */ = {isa = PBXBuildFile; fileRef = 65933BDA29ECF329005ACCE6 /* UIViewController+.swift */; };
/* End PBXBuildFile section */

/* Begin PBXFileReference section */
		650E10F029EA37AF00B6203A /* ios-final-take-home-challenge.app */ = {isa = PBXFileReference; explicitFileType = wrapper.application; includeInIndex = 0; path = "ios-final-take-home-challenge.app"; sourceTree = BUILT_PRODUCTS_DIR; };
		650E10F329EA37AF00B6203A /* AppDelegate.swift */ = {isa = PBXFileReference; lastKnownFileType = sourcecode.swift; path = AppDelegate.swift; sourceTree = "<group>"; };
		650E10F529EA37AF00B6203A /* SceneDelegate.swift */ = {isa = PBXFileReference; lastKnownFileType = sourcecode.swift; path = SceneDelegate.swift; sourceTree = "<group>"; };
		650E10F729EA37AF00B6203A /* ViewController.swift */ = {isa = PBXFileReference; lastKnownFileType = sourcecode.swift; path = ViewController.swift; sourceTree = "<group>"; };
		650E10FA29EA37AF00B6203A /* Base */ = {isa = PBXFileReference; lastKnownFileType = file.storyboard; name = Base; path = Base.lproj/Main.storyboard; sourceTree = "<group>"; };
		650E10FC29EA37B100B6203A /* Assets.xcassets */ = {isa = PBXFileReference; lastKnownFileType = folder.assetcatalog; path = Assets.xcassets; sourceTree = "<group>"; };
		650E10FF29EA37B100B6203A /* Base */ = {isa = PBXFileReference; lastKnownFileType = file.storyboard; name = Base; path = Base.lproj/LaunchScreen.storyboard; sourceTree = "<group>"; };
		650E110129EA37B100B6203A /* Info.plist */ = {isa = PBXFileReference; lastKnownFileType = text.plist.xml; path = Info.plist; sourceTree = "<group>"; };
		650E110829EA3A2000B6203A /* NetworkManager.swift */ = {isa = PBXFileReference; lastKnownFileType = sourcecode.swift; path = NetworkManager.swift; sourceTree = "<group>"; };
		650E110A29EA3A6700B6203A /* Endpoint.swift */ = {isa = PBXFileReference; lastKnownFileType = sourcecode.swift; path = Endpoint.swift; sourceTree = "<group>"; };
		650E110C29EA3A8C00B6203A /* HttpMethod.swift */ = {isa = PBXFileReference; lastKnownFileType = sourcecode.swift; path = HttpMethod.swift; sourceTree = "<group>"; };
		650E110F29EA3B1800B6203A /* GetProfileEndpoint.swift */ = {isa = PBXFileReference; lastKnownFileType = sourcecode.swift; path = GetProfileEndpoint.swift; sourceTree = "<group>"; };
		650E111129EA3B2800B6203A /* UpdateProfileEndpoint.swift */ = {isa = PBXFileReference; lastKnownFileType = sourcecode.swift; path = UpdateProfileEndpoint.swift; sourceTree = "<group>"; };
		650E111329EA3B3E00B6203A /* ChangePasswordEndpoint.swift */ = {isa = PBXFileReference; lastKnownFileType = sourcecode.swift; path = ChangePasswordEndpoint.swift; sourceTree = "<group>"; };
		650E111629EA3C5200B6203A /* NetworkError.swift */ = {isa = PBXFileReference; lastKnownFileType = sourcecode.swift; path = NetworkError.swift; sourceTree = "<group>"; };
		650E111829EA3DFC00B6203A /* Model.swift */ = {isa = PBXFileReference; lastKnownFileType = sourcecode.swift; path = Model.swift; sourceTree = "<group>"; };
		650E111A29EA3FD500B6203A /* UserProfileViewController.swift */ = {isa = PBXFileReference; lastKnownFileType = sourcecode.swift; path = UserProfileViewController.swift; sourceTree = "<group>"; };
		650E111D29EA403F00B6203A /* ChangePasswordViewController.swift */ = {isa = PBXFileReference; lastKnownFileType = sourcecode.swift; path = ChangePasswordViewController.swift; sourceTree = "<group>"; };
		650E112129EA43D100B6203A /* MainStoryboarded.swift */ = {isa = PBXFileReference; lastKnownFileType = sourcecode.swift; path = MainStoryboarded.swift; sourceTree = "<group>"; };
		650E112329EA43EB00B6203A /* Coordinator.swift */ = {isa = PBXFileReference; lastKnownFileType = sourcecode.swift; path = Coordinator.swift; sourceTree = "<group>"; };
		650E112529EA43F500B6203A /* MainCoordinator.swift */ = {isa = PBXFileReference; lastKnownFileType = sourcecode.swift; path = MainCoordinator.swift; sourceTree = "<group>"; };
		650E112929EB99CC00B6203A /* UIColor+.swift */ = {isa = PBXFileReference; lastKnownFileType = sourcecode.swift; path = "UIColor+.swift"; sourceTree = "<group>"; };
		650E112B29EB9C9E00B6203A /* MainViewController.swift */ = {isa = PBXFileReference; lastKnownFileType = sourcecode.swift; path = MainViewController.swift; sourceTree = "<group>"; };
		65933BDA29ECF329005ACCE6 /* UIViewController+.swift */ = {isa = PBXFileReference; lastKnownFileType = sourcecode.swift; path = "UIViewController+.swift"; sourceTree = "<group>"; };
/* End PBXFileReference section */

/* Begin PBXFrameworksBuildPhase section */
		650E10ED29EA37AF00B6203A /* Frameworks */ = {
			isa = PBXFrameworksBuildPhase;
			buildActionMask = 2147483647;
			files = (
			);
			runOnlyForDeploymentPostprocessing = 0;
		};
/* End PBXFrameworksBuildPhase section */

/* Begin PBXGroup section */
		650E10E729EA37AF00B6203A = {
			isa = PBXGroup;
			children = (
				650E10F229EA37AF00B6203A /* ios-final-take-home-challenge */,
				650E10F129EA37AF00B6203A /* Products */,
			);
			sourceTree = "<group>";
		};
		650E10F129EA37AF00B6203A /* Products */ = {
			isa = PBXGroup;
			children = (
				650E10F029EA37AF00B6203A /* ios-final-take-home-challenge.app */,
			);
			name = Products;
			sourceTree = "<group>";
		};
		650E10F229EA37AF00B6203A /* ios-final-take-home-challenge */ = {
			isa = PBXGroup;
			children = (
				650E112829EB99C600B6203A /* Helper */,
				650E111F29EA43B600B6203A /* Coordinator */,
				650E110729EA383600B6203A /* Models */,
				650E112729EA451200B6203A /* Views */,
				650E111C29EA3FD900B6203A /* Controllers */,
				650E10F329EA37AF00B6203A /* AppDelegate.swift */,
				650E10F529EA37AF00B6203A /* SceneDelegate.swift */,
				650E10F929EA37AF00B6203A /* Main.storyboard */,
				650E10FC29EA37B100B6203A /* Assets.xcassets */,
				650E10FE29EA37B100B6203A /* LaunchScreen.storyboard */,
				650E110129EA37B100B6203A /* Info.plist */,
			);
			path = "ios-final-take-home-challenge";
			sourceTree = "<group>";
		};
		650E110729EA383600B6203A /* Models */ = {
			isa = PBXGroup;
			children = (
				650E110E29EA3B0F00B6203A /* Endpoint */,
				650E110829EA3A2000B6203A /* NetworkManager.swift */,
				650E111629EA3C5200B6203A /* NetworkError.swift */,
				650E110A29EA3A6700B6203A /* Endpoint.swift */,
				650E110C29EA3A8C00B6203A /* HttpMethod.swift */,
				650E111829EA3DFC00B6203A /* Model.swift */,
			);
			path = Models;
			sourceTree = "<group>";
		};
		650E110E29EA3B0F00B6203A /* Endpoint */ = {
			isa = PBXGroup;
			children = (
				650E110F29EA3B1800B6203A /* GetProfileEndpoint.swift */,
				650E111129EA3B2800B6203A /* UpdateProfileEndpoint.swift */,
				650E111329EA3B3E00B6203A /* ChangePasswordEndpoint.swift */,
			);
			path = Endpoint;
			sourceTree = "<group>";
		};
		650E111C29EA3FD900B6203A /* Controllers */ = {
			isa = PBXGroup;
			children = (
				650E10F729EA37AF00B6203A /* ViewController.swift */,
				650E111A29EA3FD500B6203A /* UserProfileViewController.swift */,
				650E111D29EA403F00B6203A /* ChangePasswordViewController.swift */,
				650E112B29EB9C9E00B6203A /* MainViewController.swift */,
			);
			path = Controllers;
			sourceTree = "<group>";
		};
		650E111F29EA43B600B6203A /* Coordinator */ = {
			isa = PBXGroup;
			children = (
				650E112029EA43C200B6203A /* Storyboarded */,
				650E112329EA43EB00B6203A /* Coordinator.swift */,
				650E112529EA43F500B6203A /* MainCoordinator.swift */,
			);
			path = Coordinator;
			sourceTree = "<group>";
		};
		650E112029EA43C200B6203A /* Storyboarded */ = {
			isa = PBXGroup;
			children = (
				650E112129EA43D100B6203A /* MainStoryboarded.swift */,
			);
			path = Storyboarded;
			sourceTree = "<group>";
		};
		650E112729EA451200B6203A /* Views */ = {
			isa = PBXGroup;
			children = (
			);
			path = Views;
			sourceTree = "<group>";
		};
		650E112829EB99C600B6203A /* Helper */ = {
			isa = PBXGroup;
			children = (
				650E112929EB99CC00B6203A /* UIColor+.swift */,
				65933BDA29ECF329005ACCE6 /* UIViewController+.swift */,
			);
			path = Helper;
			sourceTree = "<group>";
		};
/* End PBXGroup section */

/* Begin PBXNativeTarget section */
		650E10EF29EA37AF00B6203A /* ios-final-take-home-challenge */ = {
			isa = PBXNativeTarget;
			buildConfigurationList = 650E110429EA37B100B6203A /* Build configuration list for PBXNativeTarget "ios-final-take-home-challenge" */;
			buildPhases = (
				650E10EC29EA37AF00B6203A /* Sources */,
				650E10ED29EA37AF00B6203A /* Frameworks */,
				650E10EE29EA37AF00B6203A /* Resources */,
			);
			buildRules = (
			);
			dependencies = (
			);
			name = "ios-final-take-home-challenge";
			productName = "ios-final-take-home-challenge";
			productReference = 650E10F029EA37AF00B6203A /* ios-final-take-home-challenge.app */;
			productType = "com.apple.product-type.application";
		};
/* End PBXNativeTarget section */

/* Begin PBXProject section */
		650E10E829EA37AF00B6203A /* Project object */ = {
			isa = PBXProject;
			attributes = {
				BuildIndependentTargetsInParallel = 1;
				LastSwiftUpdateCheck = 1430;
				LastUpgradeCheck = 1430;
				TargetAttributes = {
					650E10EF29EA37AF00B6203A = {
						CreatedOnToolsVersion = 14.3;
					};
				};
			};
			buildConfigurationList = 650E10EB29EA37AF00B6203A /* Build configuration list for PBXProject "ios-final-take-home-challenge" */;
			compatibilityVersion = "Xcode 14.0";
			developmentRegion = en;
			hasScannedForEncodings = 0;
			knownRegions = (
				en,
				Base,
			);
			mainGroup = 650E10E729EA37AF00B6203A;
			productRefGroup = 650E10F129EA37AF00B6203A /* Products */;
			projectDirPath = "";
			projectRoot = "";
			targets = (
				650E10EF29EA37AF00B6203A /* ios-final-take-home-challenge */,
			);
		};
/* End PBXProject section */

/* Begin PBXResourcesBuildPhase section */
		650E10EE29EA37AF00B6203A /* Resources */ = {
			isa = PBXResourcesBuildPhase;
			buildActionMask = 2147483647;
			files = (
				650E110029EA37B100B6203A /* LaunchScreen.storyboard in Resources */,
				650E10FD29EA37B100B6203A /* Assets.xcassets in Resources */,
				650E10FB29EA37AF00B6203A /* Main.storyboard in Resources */,
			);
			runOnlyForDeploymentPostprocessing = 0;
		};
/* End PBXResourcesBuildPhase section */

/* Begin PBXSourcesBuildPhase section */
		650E10EC29EA37AF00B6203A /* Sources */ = {
			isa = PBXSourcesBuildPhase;
			buildActionMask = 2147483647;
			files = (
				650E110929EA3A2000B6203A /* NetworkManager.swift in Sources */,
				650E111B29EA3FD500B6203A /* UserProfileViewController.swift in Sources */,
				650E112429EA43EB00B6203A /* Coordinator.swift in Sources */,
				650E112229EA43D100B6203A /* MainStoryboarded.swift in Sources */,
				650E10F829EA37AF00B6203A /* ViewController.swift in Sources */,
				650E10F429EA37AF00B6203A /* AppDelegate.swift in Sources */,
				650E111229EA3B2800B6203A /* UpdateProfileEndpoint.swift in Sources */,
				650E10F629EA37AF00B6203A /* SceneDelegate.swift in Sources */,
				650E112A29EB99CC00B6203A /* UIColor+.swift in Sources */,
				650E111E29EA403F00B6203A /* ChangePasswordViewController.swift in Sources */,
				650E112629EA43F500B6203A /* MainCoordinator.swift in Sources */,
				650E111429EA3B3E00B6203A /* ChangePasswordEndpoint.swift in Sources */,
				650E111029EA3B1800B6203A /* GetProfileEndpoint.swift in Sources */,
				650E110D29EA3A8C00B6203A /* HttpMethod.swift in Sources */,
				650E111929EA3DFC00B6203A /* Model.swift in Sources */,
				650E112C29EB9C9E00B6203A /* MainViewController.swift in Sources */,
				650E110B29EA3A6700B6203A /* Endpoint.swift in Sources */,
				65933BDB29ECF329005ACCE6 /* UIViewController+.swift in Sources */,
				650E111729EA3C5200B6203A /* NetworkError.swift in Sources */,
			);
			runOnlyForDeploymentPostprocessing = 0;
		};
/* End PBXSourcesBuildPhase section */

/* Begin PBXVariantGroup section */
		650E10F929EA37AF00B6203A /* Main.storyboard */ = {
			isa = PBXVariantGroup;
			children = (
				650E10FA29EA37AF00B6203A /* Base */,
			);
			name = Main.storyboard;
			sourceTree = "<group>";
		};
		650E10FE29EA37B100B6203A /* LaunchScreen.storyboard */ = {
			isa = PBXVariantGroup;
			children = (
				650E10FF29EA37B100B6203A /* Base */,
			);
			name = LaunchScreen.storyboard;
			sourceTree = "<group>";
		};
/* End PBXVariantGroup section */

/* Begin XCBuildConfiguration section */
		650E110229EA37B100B6203A /* Debug */ = {
			isa = XCBuildConfiguration;
			buildSettings = {
				ALWAYS_SEARCH_USER_PATHS = NO;
				CLANG_ANALYZER_NONNULL = YES;
				CLANG_ANALYZER_NUMBER_OBJECT_CONVERSION = YES_AGGRESSIVE;
				CLANG_CXX_LANGUAGE_STANDARD = "gnu++20";
				CLANG_ENABLE_MODULES = YES;
				CLANG_ENABLE_OBJC_ARC = YES;
				CLANG_ENABLE_OBJC_WEAK = YES;
				CLANG_WARN_BLOCK_CAPTURE_AUTORELEASING = YES;
				CLANG_WARN_BOOL_CONVERSION = YES;
				CLANG_WARN_COMMA = YES;
				CLANG_WARN_CONSTANT_CONVERSION = YES;
				CLANG_WARN_DEPRECATED_OBJC_IMPLEMENTATIONS = YES;
				CLANG_WARN_DIRECT_OBJC_ISA_USAGE = YES_ERROR;
				CLANG_WARN_DOCUMENTATION_COMMENTS = YES;
				CLANG_WARN_EMPTY_BODY = YES;
				CLANG_WARN_ENUM_CONVERSION = YES;
				CLANG_WARN_INFINITE_RECURSION = YES;
				CLANG_WARN_INT_CONVERSION = YES;
				CLANG_WARN_NON_LITERAL_NULL_CONVERSION = YES;
				CLANG_WARN_OBJC_IMPLICIT_RETAIN_SELF = YES;
				CLANG_WARN_OBJC_LITERAL_CONVERSION = YES;
				CLANG_WARN_OBJC_ROOT_CLASS = YES_ERROR;
				CLANG_WARN_QUOTED_INCLUDE_IN_FRAMEWORK_HEADER = YES;
				CLANG_WARN_RANGE_LOOP_ANALYSIS = YES;
				CLANG_WARN_STRICT_PROTOTYPES = YES;
				CLANG_WARN_SUSPICIOUS_MOVE = YES;
				CLANG_WARN_UNGUARDED_AVAILABILITY = YES_AGGRESSIVE;
				CLANG_WARN_UNREACHABLE_CODE = YES;
				CLANG_WARN__DUPLICATE_METHOD_MATCH = YES;
				COPY_PHASE_STRIP = NO;
				DEBUG_INFORMATION_FORMAT = dwarf;
				ENABLE_STRICT_OBJC_MSGSEND = YES;
				ENABLE_TESTABILITY = YES;
				GCC_C_LANGUAGE_STANDARD = gnu11;
				GCC_DYNAMIC_NO_PIC = NO;
				GCC_NO_COMMON_BLOCKS = YES;
				GCC_OPTIMIZATION_LEVEL = 0;
				GCC_PREPROCESSOR_DEFINITIONS = (
					"DEBUG=1",
					"$(inherited)",
				);
				GCC_WARN_64_TO_32_BIT_CONVERSION = YES;
				GCC_WARN_ABOUT_RETURN_TYPE = YES_ERROR;
				GCC_WARN_UNDECLARED_SELECTOR = YES;
				GCC_WARN_UNINITIALIZED_AUTOS = YES_AGGRESSIVE;
				GCC_WARN_UNUSED_FUNCTION = YES;
				GCC_WARN_UNUSED_VARIABLE = YES;
				IPHONEOS_DEPLOYMENT_TARGET = 16.4;
				MTL_ENABLE_DEBUG_INFO = INCLUDE_SOURCE;
				MTL_FAST_MATH = YES;
				ONLY_ACTIVE_ARCH = YES;
				SDKROOT = iphoneos;
				SWIFT_ACTIVE_COMPILATION_CONDITIONS = DEBUG;
				SWIFT_OPTIMIZATION_LEVEL = "-Onone";
			};
			name = Debug;
		};
		650E110329EA37B100B6203A /* Release */ = {
			isa = XCBuildConfiguration;
			buildSettings = {
				ALWAYS_SEARCH_USER_PATHS = NO;
				CLANG_ANALYZER_NONNULL = YES;
				CLANG_ANALYZER_NUMBER_OBJECT_CONVERSION = YES_AGGRESSIVE;
				CLANG_CXX_LANGUAGE_STANDARD = "gnu++20";
				CLANG_ENABLE_MODULES = YES;
				CLANG_ENABLE_OBJC_ARC = YES;
				CLANG_ENABLE_OBJC_WEAK = YES;
				CLANG_WARN_BLOCK_CAPTURE_AUTORELEASING = YES;
				CLANG_WARN_BOOL_CONVERSION = YES;
				CLANG_WARN_COMMA = YES;
				CLANG_WARN_CONSTANT_CONVERSION = YES;
				CLANG_WARN_DEPRECATED_OBJC_IMPLEMENTATIONS = YES;
				CLANG_WARN_DIRECT_OBJC_ISA_USAGE = YES_ERROR;
				CLANG_WARN_DOCUMENTATION_COMMENTS = YES;
				CLANG_WARN_EMPTY_BODY = YES;
				CLANG_WARN_ENUM_CONVERSION = YES;
				CLANG_WARN_INFINITE_RECURSION = YES;
				CLANG_WARN_INT_CONVERSION = YES;
				CLANG_WARN_NON_LITERAL_NULL_CONVERSION = YES;
				CLANG_WARN_OBJC_IMPLICIT_RETAIN_SELF = YES;
				CLANG_WARN_OBJC_LITERAL_CONVERSION = YES;
				CLANG_WARN_OBJC_ROOT_CLASS = YES_ERROR;
				CLANG_WARN_QUOTED_INCLUDE_IN_FRAMEWORK_HEADER = YES;
				CLANG_WARN_RANGE_LOOP_ANALYSIS = YES;
				CLANG_WARN_STRICT_PROTOTYPES = YES;
				CLANG_WARN_SUSPICIOUS_MOVE = YES;
				CLANG_WARN_UNGUARDED_AVAILABILITY = YES_AGGRESSIVE;
				CLANG_WARN_UNREACHABLE_CODE = YES;
				CLANG_WARN__DUPLICATE_METHOD_MATCH = YES;
				COPY_PHASE_STRIP = NO;
				DEBUG_INFORMATION_FORMAT = "dwarf-with-dsym";
				ENABLE_NS_ASSERTIONS = NO;
				ENABLE_STRICT_OBJC_MSGSEND = YES;
				GCC_C_LANGUAGE_STANDARD = gnu11;
				GCC_NO_COMMON_BLOCKS = YES;
				GCC_WARN_64_TO_32_BIT_CONVERSION = YES;
				GCC_WARN_ABOUT_RETURN_TYPE = YES_ERROR;
				GCC_WARN_UNDECLARED_SELECTOR = YES;
				GCC_WARN_UNINITIALIZED_AUTOS = YES_AGGRESSIVE;
				GCC_WARN_UNUSED_FUNCTION = YES;
				GCC_WARN_UNUSED_VARIABLE = YES;
				IPHONEOS_DEPLOYMENT_TARGET = 16.4;
				MTL_ENABLE_DEBUG_INFO = NO;
				MTL_FAST_MATH = YES;
				SDKROOT = iphoneos;
				SWIFT_COMPILATION_MODE = wholemodule;
				SWIFT_OPTIMIZATION_LEVEL = "-O";
				VALIDATE_PRODUCT = YES;
			};
			name = Release;
		};
		650E110529EA37B100B6203A /* Debug */ = {
			isa = XCBuildConfiguration;
			buildSettings = {
				ASSETCATALOG_COMPILER_APPICON_NAME = AppIcon;
				ASSETCATALOG_COMPILER_GLOBAL_ACCENT_COLOR_NAME = AccentColor;
				CODE_SIGN_STYLE = Automatic;
				CURRENT_PROJECT_VERSION = 1;
				DEVELOPMENT_TEAM = U7J6A6CHGG;
				GENERATE_INFOPLIST_FILE = YES;
				INFOPLIST_FILE = "ios-final-take-home-challenge/Info.plist";
				INFOPLIST_KEY_UIApplicationSupportsIndirectInputEvents = YES;
				INFOPLIST_KEY_UILaunchStoryboardName = LaunchScreen;
				INFOPLIST_KEY_UIMainStoryboardFile = Main;
				INFOPLIST_KEY_UISupportedInterfaceOrientations_iPad = "UIInterfaceOrientationPortrait UIInterfaceOrientationPortraitUpsideDown UIInterfaceOrientationLandscapeLeft UIInterfaceOrientationLandscapeRight";
				INFOPLIST_KEY_UISupportedInterfaceOrientations_iPhone = "UIInterfaceOrientationPortrait UIInterfaceOrientationLandscapeLeft UIInterfaceOrientationLandscapeRight";
				LD_RUNPATH_SEARCH_PATHS = (
					"$(inherited)",
					"@executable_path/Frameworks",
				);
				MARKETING_VERSION = 1.0;
				PRODUCT_BUNDLE_IDENTIFIER = "derekkim.ios-final-take-home-challenge";
				PRODUCT_NAME = "$(TARGET_NAME)";
				SWIFT_EMIT_LOC_STRINGS = YES;
				SWIFT_VERSION = 5.0;
				TARGETED_DEVICE_FAMILY = "1,2";
			};
			name = Debug;
		};
		650E110629EA37B100B6203A /* Release */ = {
			isa = XCBuildConfiguration;
			buildSettings = {
				ASSETCATALOG_COMPILER_APPICON_NAME = AppIcon;
				ASSETCATALOG_COMPILER_GLOBAL_ACCENT_COLOR_NAME = AccentColor;
				CODE_SIGN_STYLE = Automatic;
				CURRENT_PROJECT_VERSION = 1;
				DEVELOPMENT_TEAM = U7J6A6CHGG;
				GENERATE_INFOPLIST_FILE = YES;
				INFOPLIST_FILE = "ios-final-take-home-challenge/Info.plist";
				INFOPLIST_KEY_UIApplicationSupportsIndirectInputEvents = YES;
				INFOPLIST_KEY_UILaunchStoryboardName = LaunchScreen;
				INFOPLIST_KEY_UIMainStoryboardFile = Main;
				INFOPLIST_KEY_UISupportedInterfaceOrientations_iPad = "UIInterfaceOrientationPortrait UIInterfaceOrientationPortraitUpsideDown UIInterfaceOrientationLandscapeLeft UIInterfaceOrientationLandscapeRight";
				INFOPLIST_KEY_UISupportedInterfaceOrientations_iPhone = "UIInterfaceOrientationPortrait UIInterfaceOrientationLandscapeLeft UIInterfaceOrientationLandscapeRight";
				LD_RUNPATH_SEARCH_PATHS = (
					"$(inherited)",
					"@executable_path/Frameworks",
				);
				MARKETING_VERSION = 1.0;
				PRODUCT_BUNDLE_IDENTIFIER = "derekkim.ios-final-take-home-challenge";
				PRODUCT_NAME = "$(TARGET_NAME)";
				SWIFT_EMIT_LOC_STRINGS = YES;
				SWIFT_VERSION = 5.0;
				TARGETED_DEVICE_FAMILY = "1,2";
			};
			name = Release;
		};
/* End XCBuildConfiguration section */

/* Begin XCConfigurationList section */
		650E10EB29EA37AF00B6203A /* Build configuration list for PBXProject "ios-final-take-home-challenge" */ = {
			isa = XCConfigurationList;
			buildConfigurations = (
				650E110229EA37B100B6203A /* Debug */,
				650E110329EA37B100B6203A /* Release */,
			);
			defaultConfigurationIsVisible = 0;
			defaultConfigurationName = Release;
		};
		650E110429EA37B100B6203A /* Build configuration list for PBXNativeTarget "ios-final-take-home-challenge" */ = {
			isa = XCConfigurationList;
			buildConfigurations = (
				650E110529EA37B100B6203A /* Debug */,
				650E110629EA37B100B6203A /* Release */,
			);
			defaultConfigurationIsVisible = 0;
			defaultConfigurationName = Release;
		};
/* End XCConfigurationList section */
	};
	rootObject = 650E10E829EA37AF00B6203A /* Project object */;
}
